
Microsoft Visual Studio Solution File, Format Version 12.00
# Visual Studio Version 16
VisualStudioVersion = 16.0.30523.141
MinimumVisualStudioVersion = 10.0.40219.1
Project("{FAE04EC0-301F-11D3-BF4B-00C04F79EFBC}") = "PL", "PL\PL.csproj", "{3BAD6F88-67D6-4753-8E96-DB7DC4E53415}"
EndProject
Project("{FAE04EC0-301F-11D3-BF4B-00C04F79EFBC}") = "DAL", "DAL\DAL.csproj", "{EA84689A-7B8A-4771-8EA1-0A988F06FDE2}"
EndProject
Project("{FAE04EC0-301F-11D3-BF4B-00C04F79EFBC}") = "BLL", "BLL\BLL.csproj", "{8C0B9600-41D7-4AFA-9011-4BE28769A5AD}"
EndProject
Global
	GlobalSection(SolutionConfigurationPlatforms) = preSolution
		Debug|Any CPU = Debug|Any CPU
		Release|Any CPU = Release|Any CPU
	EndGlobalSection
	GlobalSection(ProjectConfigurationPlatforms) = postSolution
		{3BAD6F88-67D6-4753-8E96-DB7DC4E53415}.Debug|Any CPU.ActiveCfg = Debug|Any CPU
		{3BAD6F88-67D6-4753-8E96-DB7DC4E53415}.Debug|Any CPU.Build.0 = Debug|Any CPU
		{3BAD6F88-67D6-4753-8E96-DB7DC4E53415}.Release|Any CPU.ActiveCfg = Release|Any CPU
		{3BAD6F88-67D6-4753-8E96-DB7DC4E53415}.Release|Any CPU.Build.0 = Release|Any CPU
		{EA84689A-7B8A-4771-8EA1-0A988F06FDE2}.Debug|Any CPU.ActiveCfg = Debug|Any CPU
		{EA84689A-7B8A-4771-8EA1-0A988F06FDE2}.Debug|Any CPU.Build.0 = Debug|Any CPU
		{EA84689A-7B8A-4771-8EA1-0A988F06FDE2}.Release|Any CPU.ActiveCfg = Release|Any CPU
		{EA84689A-7B8A-4771-8EA1-0A988F06FDE2}.Release|Any CPU.Build.0 = Release|Any CPU
		{8C0B9600-41D7-4AFA-9011-4BE28769A5AD}.Debug|Any CPU.ActiveCfg = Debug|Any CPU
		{8C0B9600-41D7-4AFA-9011-4BE28769A5AD}.Debug|Any CPU.Build.0 = Debug|Any CPU
		{8C0B9600-41D7-4AFA-9011-4BE28769A5AD}.Release|Any CPU.ActiveCfg = Release|Any CPU
		{8C0B9600-41D7-4AFA-9011-4BE28769A5AD}.Release|Any CPU.Build.0 = Release|Any CPU
	EndGlobalSection
	GlobalSection(SolutionProperties) = preSolution
		HideSolutionNode = FALSE
	EndGlobalSection
	GlobalSection(ExtensibilityGlobals) = postSolution
		SolutionGuid = {BB89E935-B580-4C5E-810C-BD1079E87712}
	EndGlobalSection
EndGlobal
